
Microsoft Visual Studio Solution File, Format Version 12.00
# Visual Studio 14
VisualStudioVersion = 14.0.24720.0
MinimumVisualStudioVersion = 10.0.40219.1
Project("{FAE04EC0-301F-11D3-BF4B-00C04F79EFBC}") = "SeleniumHelloWorld", "SeleniumHelloWorld\SeleniumHelloWorld.csproj", "{DF6A1470-2772-4158-8431-1D0309B5236E}"
EndProject
Project("{FAE04EC0-301F-11D3-BF4B-00C04F79EFBC}") = "Extention", "Extention\Extention.csproj", "{6CB42C1C-7A58-420C-BEF0-53911BF0AE65}"
EndProject
Global
	GlobalSection(SolutionConfigurationPlatforms) = preSolution
		Debug|Any CPU = Debug|Any CPU
		Release|Any CPU = Release|Any CPU
	EndGlobalSection
	GlobalSection(ProjectConfigurationPlatforms) = postSolution
		{DF6A1470-2772-4158-8431-1D0309B5236E}.Debug|Any CPU.ActiveCfg = Debug|Any CPU
		{DF6A1470-2772-4158-8431-1D0309B5236E}.Debug|Any CPU.Build.0 = Debug|Any CPU
		{DF6A1470-2772-4158-8431-1D0309B5236E}.Release|Any CPU.ActiveCfg = Release|Any CPU
		{DF6A1470-2772-4158-8431-1D0309B5236E}.Release|Any CPU.Build.0 = Release|Any CPU
		{6CB42C1C-7A58-420C-BEF0-53911BF0AE65}.Debug|Any CPU.ActiveCfg = Debug|Any CPU
		{6CB42C1C-7A58-420C-BEF0-53911BF0AE65}.Debug|Any CPU.Build.0 = Debug|Any CPU
		{6CB42C1C-7A58-420C-BEF0-53911BF0AE65}.Release|Any CPU.ActiveCfg = Release|Any CPU
		{6CB42C1C-7A58-420C-BEF0-53911BF0AE65}.Release|Any CPU.Build.0 = Release|Any CPU
	EndGlobalSection
	GlobalSection(SolutionProperties) = preSolution
		HideSolutionNode = FALSE
	EndGlobalSection
EndGlobal
